{
  "name": "jsconsolesandbox",
  "version": "0.0.0",
  "lockfileVersion": 2,
  "requires": true,
  "packages": {
    "": {
      "name": "jsconsolesandbox",
      "version": "0.0.0",
      "license": "ISC",
      "dependencies": {
        "eruda": "^2.10.0",
        "monaco-editor": "^0.34.1"
      }
    },
    "node_modules/eruda": {
      "version": "2.10.0",
      "resolved": "https://registry.npmjs.org/eruda/-/eruda-2.10.0.tgz",
      "integrity": "sha512-Q/ysvghhDJzsEBykgxXjvxSSc4FQun4S9z7O85PJwyra9QCoiEJV1fZNO2g9CeZLbl0Qc/JGw3U3guniWKS4xA=="
    },
    "node_modules/monaco-editor": {
      "version": "0.34.1",
      "resolved": "https://registry.npmjs.org/monaco-editor/-/monaco-editor-0.34.1.tgz",
      "integrity": "sha512-FKc80TyiMaruhJKKPz5SpJPIjL+dflGvz4CpuThaPMc94AyN7SeC9HQ8hrvaxX7EyHdJcUY5i4D0gNyJj1vSZQ=="
    }
  },
  "dependencies": {
    "eruda": {
      "version": "2.10.0",
      "resolved": "https://registry.npmjs.org/eruda/-/eruda-2.10.0.tgz",
      "integrity": "sha512-Q/ysvghhDJzsEBykgxXjvxSSc4FQun4S9z7O85PJwyra9QCoiEJV1fZNO2g9CeZLbl0Qc/JGw3U3guniWKS4xA=="
    },
    "monaco-editor": {
      "version": "0.34.1",
      "resolved": "https://registry.npmjs.org/monaco-editor/-/monaco-editor-0.34.1.tgz",
      "integrity": "sha512-FKc80TyiMaruhJKKPz5SpJPIjL+dflGvz4CpuThaPMc94AyN7SeC9HQ8hrvaxX7EyHdJcUY5i4D0gNyJj1vSZQ=="
    }
  }
}
